
Microsoft Visual Studio Solution File, Format Version 12.00
# Visual Studio 15
VisualStudioVersion = 15.0.26730.12
MinimumVisualStudioVersion = 10.0.40219.1
Project("{FAE04EC0-301F-11D3-BF4B-00C04F79EFBC}") = "Harmonic motion", "Harmonic motion\Harmonic motion.csproj", "{AC888C73-8760-4CFB-9FA1-00A7F1FA4BC8}"
EndProject
Global
	GlobalSection(SolutionConfigurationPlatforms) = preSolution
		Debug|Any CPU = Debug|Any CPU
		Release|Any CPU = Release|Any CPU
	EndGlobalSection
	GlobalSection(ProjectConfigurationPlatforms) = postSolution
		{AC888C73-8760-4CFB-9FA1-00A7F1FA4BC8}.Debug|Any CPU.ActiveCfg = Debug|Any CPU
		{AC888C73-8760-4CFB-9FA1-00A7F1FA4BC8}.Debug|Any CPU.Build.0 = Debug|Any CPU
		{AC888C73-8760-4CFB-9FA1-00A7F1FA4BC8}.Release|Any CPU.ActiveCfg = Release|Any CPU
		{AC888C73-8760-4CFB-9FA1-00A7F1FA4BC8}.Release|Any CPU.Build.0 = Release|Any CPU
	EndGlobalSection
	GlobalSection(SolutionProperties) = preSolution
		HideSolutionNode = FALSE
	EndGlobalSection
	GlobalSection(ExtensibilityGlobals) = postSolution
		SolutionGuid = {C91CA7E6-A3F0-4C0C-8338-D6BEA4A19901}
	EndGlobalSection
EndGlobal
